
Microsoft Visual Studio Solution File, Format Version 12.00
# Visual Studio Version 17
VisualStudioVersion = 17.13.35931.197 d17.13
MinimumVisualStudioVersion = 10.0.40219.1
Project("{FAE04EC0-301F-11D3-BF4B-00C04F79EFBC}") = "jogo da velha ia", "jogo da velha ia\jogo da velha ia.csproj", "{6A918B4F-163C-4DEC-8466-296A6BB88E0E}"
EndProject
Global
	GlobalSection(SolutionConfigurationPlatforms) = preSolution
		Debug|Any CPU = Debug|Any CPU
		Release|Any CPU = Release|Any CPU
	EndGlobalSection
	GlobalSection(ProjectConfigurationPlatforms) = postSolution
		{6A918B4F-163C-4DEC-8466-296A6BB88E0E}.Debug|Any CPU.ActiveCfg = Debug|Any CPU
		{6A918B4F-163C-4DEC-8466-296A6BB88E0E}.Debug|Any CPU.Build.0 = Debug|Any CPU
		{6A918B4F-163C-4DEC-8466-296A6BB88E0E}.Release|Any CPU.ActiveCfg = Release|Any CPU
		{6A918B4F-163C-4DEC-8466-296A6BB88E0E}.Release|Any CPU.Build.0 = Release|Any CPU
	EndGlobalSection
	GlobalSection(SolutionProperties) = preSolution
		HideSolutionNode = FALSE
	EndGlobalSection
	GlobalSection(ExtensibilityGlobals) = postSolution
		SolutionGuid = {24C27342-C390-4685-A4D7-068C9033B968}
	EndGlobalSection
EndGlobal
